
Microsoft Visual Studio Solution File, Format Version 12.00
# Visual Studio Version 16
VisualStudioVersion = 16.0.30907.101
MinimumVisualStudioVersion = 10.0.40219.1
Project("{FAE04EC0-301F-11D3-BF4B-00C04F79EFBC}") = "HelloWorld", "HelloWorld.csproj", "{33D964B5-D737-4F06-B109-03E8EF73DE58}"
EndProject
Global
	GlobalSection(SolutionConfigurationPlatforms) = preSolution
		Debug|Any CPU = Debug|Any CPU
		Release|Any CPU = Release|Any CPU
	EndGlobalSection
	GlobalSection(ProjectConfigurationPlatforms) = postSolution
		{33D964B5-D737-4F06-B109-03E8EF73DE58}.Debug|Any CPU.ActiveCfg = Debug|Any CPU
		{33D964B5-D737-4F06-B109-03E8EF73DE58}.Debug|Any CPU.Build.0 = Debug|Any CPU
		{33D964B5-D737-4F06-B109-03E8EF73DE58}.Release|Any CPU.ActiveCfg = Release|Any CPU
		{33D964B5-D737-4F06-B109-03E8EF73DE58}.Release|Any CPU.Build.0 = Release|Any CPU
	EndGlobalSection
	GlobalSection(SolutionProperties) = preSolution
		HideSolutionNode = FALSE
	EndGlobalSection
	GlobalSection(ExtensibilityGlobals) = postSolution
		SolutionGuid = {D78F73DE-0DF5-4961-AF63-4523363C541B}
	EndGlobalSection
EndGlobal
